# THIS IS AN AUTOGENERATED FILE. DO NOT EDIT THIS FILE DIRECTLY.
# yarn lockfile v1


imutable@^0.0.1:
  version "0.0.1"
  resolved "https://registry.yarnpkg.com/imutable/-/imutable-0.0.1.tgz#bf5a512fb80e645219d4098b70a3fa5d50b140bd"
  dependencies:
    surround-constructor "~0.0.2"

surround-constructor@~0.0.2:
  version "0.0.3"
  resolved "https://registry.yarnpkg.com/surround-constructor/-/surround-constructor-0.0.3.tgz#7323a5d1eec0529cbc7f4f7d3608d7d634ce72b7"
